
Microsoft Visual Studio Solution File, Format Version 12.00
# Visual Studio Version 17
VisualStudioVersion = 17.8.34525.116
MinimumVisualStudioVersion = 10.0.40219.1
Project("{FAE04EC0-301F-11D3-BF4B-00C04F79EFBC}") = "ChatApp", "ChatApp\ChatApp.csproj", "{269D1B89-CD05-4624-9007-B277669033F4}"
EndProject
Global
	GlobalSection(SolutionConfigurationPlatforms) = preSolution
		Debug|Any CPU = Debug|Any CPU
		Release|Any CPU = Release|Any CPU
	EndGlobalSection
	GlobalSection(ProjectConfigurationPlatforms) = postSolution
		{269D1B89-CD05-4624-9007-B277669033F4}.Debug|Any CPU.ActiveCfg = Debug|Any CPU
		{269D1B89-CD05-4624-9007-B277669033F4}.Debug|Any CPU.Build.0 = Debug|Any CPU
		{269D1B89-CD05-4624-9007-B277669033F4}.Release|Any CPU.ActiveCfg = Release|Any CPU
		{269D1B89-CD05-4624-9007-B277669033F4}.Release|Any CPU.Build.0 = Release|Any CPU
	EndGlobalSection
	GlobalSection(SolutionProperties) = preSolution
		HideSolutionNode = FALSE
	EndGlobalSection
	GlobalSection(ExtensibilityGlobals) = postSolution
		SolutionGuid = {F3CA88F4-9DB8-44A1-8A86-3975653EE7FB}
	EndGlobalSection
EndGlobal
